// !$*UTF8*$!
{
	archiveVersion = 1;
	classes = {
	};
	objectVersion = 77;
	objects = {

/* Begin PBXBuildFile section */
		22C10A468290F5B73FC60041 /* AirshipPreferenceCenter in Frameworks */ = {isa = PBXBuildFile; productRef = A706224C1B69C4C857EB70CD /* AirshipPreferenceCenter */; };
		37FC18AAF515003A74AD5EDE /* AirshipBootstrap.swift in Sources */ = {isa = PBXBuildFile; fileRef = 583D5F56D88EA9B179170912 /* AirshipBootstrap.swift */; };
		3C2D8AF103EA70CAE43A0048 /* AirshipFeatureFlags in Frameworks */ = {isa = PBXBuildFile; productRef = 3D6A976CE17C3E8B0DAE7218 /* AirshipFeatureFlags */; };
		4F6C6354846C697F9304A9B4 /* DeepLinks.swift in Sources */ = {isa = PBXBuildFile; fileRef = C755C663C0C349E2C8B29979 /* DeepLinks.swift */; };
		501ECF1A342A40E78B0A0011 /* LabInfo.swift in Sources */ = {isa = PBXBuildFile; fileRef = 501ECF1A342A40E78B0A0012 /* LabInfo.swift */; };
		5506E710EE32ED6345F0C13E /* LabStore.swift in Sources */ = {isa = PBXBuildFile; fileRef = D0546BCE48769DEE6097331D /* LabStore.swift */; };
		58955AFAD2D78CF59D80CDDF /* MessageCenterInboxView.swift in Sources */ = {isa = PBXBuildFile; fileRef = 128B2C2A2DCB87AEEECF1E2D /* MessageCenterInboxView.swift */; };
		5D48A8D592C5A6723756C178 /* Assets.xcassets in Resources */ = {isa = PBXBuildFile; fileRef = 9D90B15056BE02C172F1192B /* Assets.xcassets */; };
		61B48E56C0C3BDB09DB7B809 /* RemoteDriver.swift in Sources */ = {isa = PBXBuildFile; fileRef = 58C720300D992E6C7B4BDDF9 /* RemoteDriver.swift */; };
		6F475C74CA5A32FD946CC4B0 /* AirshipCore in Frameworks */ = {isa = PBXBuildFile; productRef = 78789D60C595848A1564D31A /* AirshipCore */; };
		8878E4B1715C35A0C2E820CB /* AirshipMessageCenter in Frameworks */ = {isa = PBXBuildFile; productRef = C71502F447755FC2207FFF6A /* AirshipMessageCenter */; };
		91CFCBD512FFF71F916B1173 /* PlayerView.swift in Sources */ = {isa = PBXBuildFile; fileRef = C01EA68DB44C51951B6940A4 /* PlayerView.swift */; };
		984D94C0A87912C2CB1A1D88 /* CTVLabApp.swift in Sources */ = {isa = PBXBuildFile; fileRef = F09CA0E5169D78B946028A0F /* CTVLabApp.swift */; };
		AD16F70891C32CECA0BF04EE /* HomeView.swift in Sources */ = {isa = PBXBuildFile; fileRef = 1CB135023880D4AB48B076D8 /* HomeView.swift */; };
		B4B9780AB016924504B1112A /* RootView.swift in Sources */ = {isa = PBXBuildFile; fileRef = 3241CE6EF1D4BDAC3015E81C /* RootView.swift */; };
		E7E7A0BE449674A2D6B65319 /* AirshipIds.swift in Sources */ = {isa = PBXBuildFile; fileRef = B229E9B244E53BCCF06A821F /* AirshipIds.swift */; };
		EEDC9550DD26807C44E48BFD /* AirshipSecrets.swift in Sources */ = {isa = PBXBuildFile; fileRef = 1B7A0A4E2E910F69E9C1B672 /* AirshipSecrets.swift */; };
		F1B68DAC89E983F37EF01F19 /* Catalog.swift in Sources */ = {isa = PBXBuildFile; fileRef = B79AC05A658B2FEA450571FD /* Catalog.swift */; };
		FD2E3BF6376AA2719420374B /* AirshipAutomation in Frameworks */ = {isa = PBXBuildFile; productRef = EEF29348576A1F7033218D25 /* AirshipAutomation */; };
		FE91559C1C2C316A0BB36F7B /* LabView.swift in Sources */ = {isa = PBXBuildFile; fileRef = F488847FEED9B78B6B7E4A4F /* LabView.swift */; };
/* End PBXBuildFile section */

/* Begin PBXContainerItemProxy section */
		3E528B86B08D6BD73184617F /* PBXContainerItemProxy */ = {
			isa = PBXContainerItemProxy;
			containerPortal = ECB1D3AEF4A1060B42F67793 /* Project object */;
			proxyType = 1;
			remoteGlobalIDString = EDEA00EA1CF7BD96C8E4DCE2;
			remoteInfo = CTVLab;
		};
/* End PBXContainerItemProxy section */

/* Begin PBXFileReference section */
		128B2C2A2DCB87AEEECF1E2D /* MessageCenterInboxView.swift */ = {isa = PBXFileReference; lastKnownFileType = sourcecode.swift; path = MessageCenterInboxView.swift; sourceTree = "<group>"; };
		19956C0D4E57CB2F2095B262 /* Info.plist */ = {isa = PBXFileReference; lastKnownFileType = text.plist; path = Info.plist; sourceTree = "<group>"; };
		1B7A0A4E2E910F69E9C1B672 /* AirshipSecrets.swift */ = {isa = PBXFileReference; lastKnownFileType = sourcecode.swift; path = AirshipSecrets.swift; sourceTree = "<group>"; };
		1CB135023880D4AB48B076D8 /* HomeView.swift */ = {isa = PBXFileReference; lastKnownFileType = sourcecode.swift; path = HomeView.swift; sourceTree = "<group>"; };
		501ECF1A342A40E78B0A0012 /* LabInfo.swift */ = {isa = PBXFileReference; lastKnownFileType = sourcecode.swift; path = LabInfo.swift; sourceTree = "<group>"; };
		2D1BB0A52A7541A5D9802E8B /* CTVLabUITests.xctest */ = {isa = PBXFileReference; includeInIndex = 0; lastKnownFileType = wrapper.cfbundle; path = CTVLabUITests.xctest; sourceTree = BUILT_PRODUCTS_DIR; };
		3241CE6EF1D4BDAC3015E81C /* RootView.swift */ = {isa = PBXFileReference; lastKnownFileType = sourcecode.swift; path = RootView.swift; sourceTree = "<group>"; };
		583D5F56D88EA9B179170912 /* AirshipBootstrap.swift */ = {isa = PBXFileReference; lastKnownFileType = sourcecode.swift; path = AirshipBootstrap.swift; sourceTree = "<group>"; };
		58C720300D992E6C7B4BDDF9 /* RemoteDriver.swift */ = {isa = PBXFileReference; lastKnownFileType = sourcecode.swift; path = RemoteDriver.swift; sourceTree = "<group>"; };
		9D90B15056BE02C172F1192B /* Assets.xcassets */ = {isa = PBXFileReference; lastKnownFileType = folder.assetcatalog; path = Assets.xcassets; sourceTree = "<group>"; };
		B229E9B244E53BCCF06A821F /* AirshipIds.swift */ = {isa = PBXFileReference; lastKnownFileType = sourcecode.swift; path = AirshipIds.swift; sourceTree = "<group>"; };
		B79AC05A658B2FEA450571FD /* Catalog.swift */ = {isa = PBXFileReference; lastKnownFileType = sourcecode.swift; path = Catalog.swift; sourceTree = "<group>"; };
		C01EA68DB44C51951B6940A4 /* PlayerView.swift */ = {isa = PBXFileReference; lastKnownFileType = sourcecode.swift; path = PlayerView.swift; sourceTree = "<group>"; };
		C755C663C0C349E2C8B29979 /* DeepLinks.swift */ = {isa = PBXFileReference; lastKnownFileType = sourcecode.swift; path = DeepLinks.swift; sourceTree = "<group>"; };
		D0546BCE48769DEE6097331D /* LabStore.swift */ = {isa = PBXFileReference; lastKnownFileType = sourcecode.swift; path = LabStore.swift; sourceTree = "<group>"; };
		F09CA0E5169D78B946028A0F /* CTVLabApp.swift */ = {isa = PBXFileReference; lastKnownFileType = sourcecode.swift; path = CTVLabApp.swift; sourceTree = "<group>"; };
		F1C7C2FFAB62CA43AF811D12 /* CTVLab.app */ = {isa = PBXFileReference; includeInIndex = 0; lastKnownFileType = wrapper.application; path = CTVLab.app; sourceTree = BUILT_PRODUCTS_DIR; };
		F488847FEED9B78B6B7E4A4F /* LabView.swift */ = {isa = PBXFileReference; lastKnownFileType = sourcecode.swift; path = LabView.swift; sourceTree = "<group>"; };
/* End PBXFileReference section */

/* Begin PBXFrameworksBuildPhase section */
		3BBCA4742705E49BBC0F6708 /* Frameworks */ = {
			isa = PBXFrameworksBuildPhase;
			buildActionMask = 2147483647;
			files = (
				6F475C74CA5A32FD946CC4B0 /* AirshipCore in Frameworks */,
				FD2E3BF6376AA2719420374B /* AirshipAutomation in Frameworks */,
				8878E4B1715C35A0C2E820CB /* AirshipMessageCenter in Frameworks */,
				22C10A468290F5B73FC60041 /* AirshipPreferenceCenter in Frameworks */,
				3C2D8AF103EA70CAE43A0048 /* AirshipFeatureFlags in Frameworks */,
			);
			runOnlyForDeploymentPostprocessing = 0;
		};
/* End PBXFrameworksBuildPhase section */

/* Begin PBXGroup section */
		20D054D6BE28D245C29B8455 /* Products */ = {
			isa = PBXGroup;
			children = (
				F1C7C2FFAB62CA43AF811D12 /* CTVLab.app */,
				2D1BB0A52A7541A5D9802E8B /* CTVLabUITests.xctest */,
			);
			name = Products;
			sourceTree = "<group>";
		};
		36FF8132B995A98C60E45CD8 /* CTVLabUITests */ = {
			isa = PBXGroup;
			children = (
				58C720300D992E6C7B4BDDF9 /* RemoteDriver.swift */,
			);
			path = CTVLabUITests;
			sourceTree = "<group>";
		};
		47DD53D074221931068898BE = {
			isa = PBXGroup;
			children = (
				4F144D65AA6E1D81516B3CA3 /* CTVLab */,
				36FF8132B995A98C60E45CD8 /* CTVLabUITests */,
				20D054D6BE28D245C29B8455 /* Products */,
			);
			sourceTree = "<group>";
		};
		4F144D65AA6E1D81516B3CA3 /* CTVLab */ = {
			isa = PBXGroup;
			children = (
				583D5F56D88EA9B179170912 /* AirshipBootstrap.swift */,
				B229E9B244E53BCCF06A821F /* AirshipIds.swift */,
				1B7A0A4E2E910F69E9C1B672 /* AirshipSecrets.swift */,
				9D90B15056BE02C172F1192B /* Assets.xcassets */,
				B79AC05A658B2FEA450571FD /* Catalog.swift */,
				F09CA0E5169D78B946028A0F /* CTVLabApp.swift */,
				C755C663C0C349E2C8B29979 /* DeepLinks.swift */,
				1CB135023880D4AB48B076D8 /* HomeView.swift */,
				19956C0D4E57CB2F2095B262 /* Info.plist */,
				D0546BCE48769DEE6097331D /* LabStore.swift */,
				501ECF1A342A40E78B0A0012 /* LabInfo.swift */,
				F488847FEED9B78B6B7E4A4F /* LabView.swift */,
				128B2C2A2DCB87AEEECF1E2D /* MessageCenterInboxView.swift */,
				C01EA68DB44C51951B6940A4 /* PlayerView.swift */,
				3241CE6EF1D4BDAC3015E81C /* RootView.swift */,
			);
			path = CTVLab;
			sourceTree = "<group>";
		};
/* End PBXGroup section */

/* Begin PBXNativeTarget section */
		CE69853714F5204798168C31 /* CTVLabUITests */ = {
			isa = PBXNativeTarget;
			buildConfigurationList = 5C624C8EF0152EE5A1307938 /* Build configuration list for PBXNativeTarget "CTVLabUITests" */;
			buildPhases = (
				FDBC1F727F45C6BE55FFEA80 /* Sources */,
			);
			buildRules = (
			);
			dependencies = (
				479AA66AE58A0342ED356603 /* PBXTargetDependency */,
			);
			name = CTVLabUITests;
			packageProductDependencies = (
			);
			productName = CTVLabUITests;
			productReference = 2D1BB0A52A7541A5D9802E8B /* CTVLabUITests.xctest */;
			productType = "com.apple.product-type.bundle.ui-testing";
		};
		EDEA00EA1CF7BD96C8E4DCE2 /* CTVLab */ = {
			isa = PBXNativeTarget;
			buildConfigurationList = 5A9B801C2C023BA558DDAB74 /* Build configuration list for PBXNativeTarget "CTVLab" */;
			buildPhases = (
				75E5AD0B137DB18CB994CC39 /* Generate AirshipSecrets */,
				C3395EF21D239C762D738CFE /* Sources */,
				AD66DAC67EC5F48C05976396 /* Resources */,
				3BBCA4742705E49BBC0F6708 /* Frameworks */,
			);
			buildRules = (
			);
			dependencies = (
			);
			name = CTVLab;
			packageProductDependencies = (
				78789D60C595848A1564D31A /* AirshipCore */,
				EEF29348576A1F7033218D25 /* AirshipAutomation */,
				C71502F447755FC2207FFF6A /* AirshipMessageCenter */,
				A706224C1B69C4C857EB70CD /* AirshipPreferenceCenter */,
				3D6A976CE17C3E8B0DAE7218 /* AirshipFeatureFlags */,
			);
			productName = CTVLab;
			productReference = F1C7C2FFAB62CA43AF811D12 /* CTVLab.app */;
			productType = "com.apple.product-type.application";
		};
/* End PBXNativeTarget section */

/* Begin PBXProject section */
		ECB1D3AEF4A1060B42F67793 /* Project object */ = {
			isa = PBXProject;
			attributes = {
				BuildIndependentTargetsInParallel = YES;
				LastUpgradeCheck = 1430;
				TargetAttributes = {
					CE69853714F5204798168C31 = {
						ProvisioningStyle = Automatic;
						TestTargetID = EDEA00EA1CF7BD96C8E4DCE2;
					};
					EDEA00EA1CF7BD96C8E4DCE2 = {
						ProvisioningStyle = Automatic;
					};
				};
			};
			buildConfigurationList = F77CFFD561EF0A9DA8DD58B5 /* Build configuration list for PBXProject "CTVLab" */;
			developmentRegion = en;
			hasScannedForEncodings = 0;
			knownRegions = (
				Base,
				en,
			);
			mainGroup = 47DD53D074221931068898BE;
			minimizedProjectReferenceProxies = 1;
			packageReferences = (
				9DAE3CCFFFBA7FD5CE606C26 /* XCRemoteSwiftPackageReference "ios-library" */,
			);
			preferredProjectObjectVersion = 77;
			productRefGroup = 20D054D6BE28D245C29B8455 /* Products */;
			projectDirPath = "";
			projectRoot = "";
			targets = (
				EDEA00EA1CF7BD96C8E4DCE2 /* CTVLab */,
				CE69853714F5204798168C31 /* CTVLabUITests */,
			);
		};
/* End PBXProject section */

/* Begin PBXResourcesBuildPhase section */
		AD66DAC67EC5F48C05976396 /* Resources */ = {
			isa = PBXResourcesBuildPhase;
			buildActionMask = 2147483647;
			files = (
				5D48A8D592C5A6723756C178 /* Assets.xcassets in Resources */,
			);
			runOnlyForDeploymentPostprocessing = 0;
		};
/* End PBXResourcesBuildPhase section */

/* Begin PBXShellScriptBuildPhase section */
		75E5AD0B137DB18CB994CC39 /* Generate AirshipSecrets */ = {
			isa = PBXShellScriptBuildPhase;
			alwaysOutOfDate = 1;
			buildActionMask = 2147483647;
			files = (
			);
			inputFileListPaths = (
			);
			inputPaths = (
			);
			name = "Generate AirshipSecrets";
			outputFileListPaths = (
			);
			outputPaths = (
			);
			runOnlyForDeploymentPostprocessing = 0;
			shellPath = /bin/sh;
			shellScript = "\"${SRCROOT}/../scripts/generate-airship-secrets.sh\"\n";
		};
/* End PBXShellScriptBuildPhase section */

/* Begin PBXSourcesBuildPhase section */
		C3395EF21D239C762D738CFE /* Sources */ = {
			isa = PBXSourcesBuildPhase;
			buildActionMask = 2147483647;
			files = (
				37FC18AAF515003A74AD5EDE /* AirshipBootstrap.swift in Sources */,
				E7E7A0BE449674A2D6B65319 /* AirshipIds.swift in Sources */,
				EEDC9550DD26807C44E48BFD /* AirshipSecrets.swift in Sources */,
				984D94C0A87912C2CB1A1D88 /* CTVLabApp.swift in Sources */,
				F1B68DAC89E983F37EF01F19 /* Catalog.swift in Sources */,
				4F6C6354846C697F9304A9B4 /* DeepLinks.swift in Sources */,
				AD16F70891C32CECA0BF04EE /* HomeView.swift in Sources */,
				5506E710EE32ED6345F0C13E /* LabStore.swift in Sources */,
				501ECF1A342A40E78B0A0011 /* LabInfo.swift in Sources */,
				FE91559C1C2C316A0BB36F7B /* LabView.swift in Sources */,
				58955AFAD2D78CF59D80CDDF /* MessageCenterInboxView.swift in Sources */,
				91CFCBD512FFF71F916B1173 /* PlayerView.swift in Sources */,
				B4B9780AB016924504B1112A /* RootView.swift in Sources */,
			);
			runOnlyForDeploymentPostprocessing = 0;
		};
		FDBC1F727F45C6BE55FFEA80 /* Sources */ = {
			isa = PBXSourcesBuildPhase;
			buildActionMask = 2147483647;
			files = (
				61B48E56C0C3BDB09DB7B809 /* RemoteDriver.swift in Sources */,
			);
			runOnlyForDeploymentPostprocessing = 0;
		};
/* End PBXSourcesBuildPhase section */

/* Begin PBXTargetDependency section */
		479AA66AE58A0342ED356603 /* PBXTargetDependency */ = {
			isa = PBXTargetDependency;
			target = EDEA00EA1CF7BD96C8E4DCE2 /* CTVLab */;
			targetProxy = 3E528B86B08D6BD73184617F /* PBXContainerItemProxy */;
		};
/* End PBXTargetDependency section */

/* Begin XCBuildConfiguration section */
		26C35E1C8523322ED2CCE828 /* Debug */ = {
			isa = XCBuildConfiguration;
			buildSettings = {
				BUNDLE_LOADER = "$(TEST_HOST)";
				CODE_SIGN_STYLE = Automatic;
				GENERATE_INFOPLIST_FILE = YES;
				LD_RUNPATH_SEARCH_PATHS = (
					"$(inherited)",
					"@executable_path/Frameworks",
					"@loader_path/Frameworks",
				);
				PRODUCT_BUNDLE_IDENTIFIER = com.airship.ctvlab.uitests;
				SDKROOT = appletvos;
				SWIFT_VERSION = 6.0;
				TARGETED_DEVICE_FAMILY = 3;
				TEST_TARGET_NAME = CTVLab;
			};
			name = Debug;
		};
		2E199CA68651F679F01FCF66 /* Debug */ = {
			isa = XCBuildConfiguration;
			buildSettings = {
				ALWAYS_SEARCH_USER_PATHS = NO;
				CLANG_ANALYZER_NONNULL = YES;
				CLANG_ANALYZER_NUMBER_OBJECT_CONVERSION = YES_AGGRESSIVE;
				CLANG_CXX_LANGUAGE_STANDARD = "gnu++14";
				CLANG_CXX_LIBRARY = "libc++";
				CLANG_ENABLE_MODULES = YES;
				CLANG_ENABLE_OBJC_ARC = YES;
				CLANG_ENABLE_OBJC_WEAK = YES;
				CLANG_WARN_BLOCK_CAPTURE_AUTORELEASING = YES;
				CLANG_WARN_BOOL_CONVERSION = YES;
				CLANG_WARN_COMMA = YES;
				CLANG_WARN_CONSTANT_CONVERSION = YES;
				CLANG_WARN_DEPRECATED_OBJC_IMPLEMENTATIONS = YES;
				CLANG_WARN_DIRECT_OBJC_ISA_USAGE = YES_ERROR;
				CLANG_WARN_DOCUMENTATION_COMMENTS = YES;
				CLANG_WARN_EMPTY_BODY = YES;
				CLANG_WARN_ENUM_CONVERSION = YES;
				CLANG_WARN_INFINITE_RECURSION = YES;
				CLANG_WARN_INT_CONVERSION = YES;
				CLANG_WARN_NON_LITERAL_NULL_CONVERSION = YES;
				CLANG_WARN_OBJC_IMPLICIT_RETAIN_SELF = YES;
				CLANG_WARN_OBJC_LITERAL_CONVERSION = YES;
				CLANG_WARN_OBJC_ROOT_CLASS = YES_ERROR;
				CLANG_WARN_QUOTED_INCLUDE_IN_FRAMEWORK_HEADER = YES;
				CLANG_WARN_RANGE_LOOP_ANALYSIS = YES;
				CLANG_WARN_STRICT_PROTOTYPES = YES;
				CLANG_WARN_SUSPICIOUS_MOVE = YES;
				CLANG_WARN_UNGUARDED_AVAILABILITY = YES_AGGRESSIVE;
				CLANG_WARN_UNREACHABLE_CODE = YES;
				CLANG_WARN__DUPLICATE_METHOD_MATCH = YES;
				COPY_PHASE_STRIP = NO;
				DEBUG_INFORMATION_FORMAT = dwarf;
				ENABLE_STRICT_OBJC_MSGSEND = YES;
				ENABLE_TESTABILITY = YES;
				GCC_C_LANGUAGE_STANDARD = gnu11;
				GCC_DYNAMIC_NO_PIC = NO;
				GCC_NO_COMMON_BLOCKS = YES;
				GCC_OPTIMIZATION_LEVEL = 0;
				GCC_PREPROCESSOR_DEFINITIONS = (
					"$(inherited)",
					"DEBUG=1",
				);
				GCC_WARN_64_TO_32_BIT_CONVERSION = YES;
				GCC_WARN_ABOUT_RETURN_TYPE = YES_ERROR;
				GCC_WARN_UNDECLARED_SELECTOR = YES;
				GCC_WARN_UNINITIALIZED_AUTOS = YES_AGGRESSIVE;
				GCC_WARN_UNUSED_FUNCTION = YES;
				GCC_WARN_UNUSED_VARIABLE = YES;
				MTL_ENABLE_DEBUG_INFO = INCLUDE_SOURCE;
				MTL_FAST_MATH = YES;
				ONLY_ACTIVE_ARCH = YES;
				PRODUCT_NAME = "$(TARGET_NAME)";
				SDKROOT = appletvos;
				SWIFT_ACTIVE_COMPILATION_CONDITIONS = DEBUG;
				SWIFT_OPTIMIZATION_LEVEL = "-Onone";
				SWIFT_VERSION = 5.0;
				TVOS_DEPLOYMENT_TARGET = 18.0;
			};
			name = Debug;
		};
		4226E1BE2CDEE4A63B0D1C1C /* Release */ = {
			isa = XCBuildConfiguration;
			buildSettings = {
				ALWAYS_SEARCH_USER_PATHS = NO;
				CLANG_ANALYZER_NONNULL = YES;
				CLANG_ANALYZER_NUMBER_OBJECT_CONVERSION = YES_AGGRESSIVE;
				CLANG_CXX_LANGUAGE_STANDARD = "gnu++14";
				CLANG_CXX_LIBRARY = "libc++";
				CLANG_ENABLE_MODULES = YES;
				CLANG_ENABLE_OBJC_ARC = YES;
				CLANG_ENABLE_OBJC_WEAK = YES;
				CLANG_WARN_BLOCK_CAPTURE_AUTORELEASING = YES;
				CLANG_WARN_BOOL_CONVERSION = YES;
				CLANG_WARN_COMMA = YES;
				CLANG_WARN_CONSTANT_CONVERSION = YES;
				CLANG_WARN_DEPRECATED_OBJC_IMPLEMENTATIONS = YES;
				CLANG_WARN_DIRECT_OBJC_ISA_USAGE = YES_ERROR;
				CLANG_WARN_DOCUMENTATION_COMMENTS = YES;
				CLANG_WARN_EMPTY_BODY = YES;
				CLANG_WARN_ENUM_CONVERSION = YES;
				CLANG_WARN_INFINITE_RECURSION = YES;
				CLANG_WARN_INT_CONVERSION = YES;
				CLANG_WARN_NON_LITERAL_NULL_CONVERSION = YES;
				CLANG_WARN_OBJC_IMPLICIT_RETAIN_SELF = YES;
				CLANG_WARN_OBJC_LITERAL_CONVERSION = YES;
				CLANG_WARN_OBJC_ROOT_CLASS = YES_ERROR;
				CLANG_WARN_QUOTED_INCLUDE_IN_FRAMEWORK_HEADER = YES;
				CLANG_WARN_RANGE_LOOP_ANALYSIS = YES;
				CLANG_WARN_STRICT_PROTOTYPES = YES;
				CLANG_WARN_SUSPICIOUS_MOVE = YES;
				CLANG_WARN_UNGUARDED_AVAILABILITY = YES_AGGRESSIVE;
				CLANG_WARN_UNREACHABLE_CODE = YES;
				CLANG_WARN__DUPLICATE_METHOD_MATCH = YES;
				COPY_PHASE_STRIP = NO;
				DEBUG_INFORMATION_FORMAT = "dwarf-with-dsym";
				ENABLE_NS_ASSERTIONS = NO;
				ENABLE_STRICT_OBJC_MSGSEND = YES;
				GCC_C_LANGUAGE_STANDARD = gnu11;
				GCC_NO_COMMON_BLOCKS = YES;
				GCC_WARN_64_TO_32_BIT_CONVERSION = YES;
				GCC_WARN_ABOUT_RETURN_TYPE = YES_ERROR;
				GCC_WARN_UNDECLARED_SELECTOR = YES;
				GCC_WARN_UNINITIALIZED_AUTOS = YES_AGGRESSIVE;
				GCC_WARN_UNUSED_FUNCTION = YES;
				GCC_WARN_UNUSED_VARIABLE = YES;
				MTL_ENABLE_DEBUG_INFO = NO;
				MTL_FAST_MATH = YES;
				PRODUCT_NAME = "$(TARGET_NAME)";
				SDKROOT = appletvos;
				SWIFT_COMPILATION_MODE = wholemodule;
				SWIFT_OPTIMIZATION_LEVEL = "-O";
				SWIFT_VERSION = 5.0;
				TVOS_DEPLOYMENT_TARGET = 18.0;
			};
			name = Release;
		};
		87CEF63F2F5E747324231195 /* Debug */ = {
			isa = XCBuildConfiguration;
			buildSettings = {
				ASSETCATALOG_COMPILER_APPICON_NAME = "App Icon & Top Shelf Image";
				ASSETCATALOG_COMPILER_LAUNCHIMAGE_NAME = LaunchImage;
				CODE_SIGN_STYLE = Automatic;
				CURRENT_PROJECT_VERSION = 1;
				ENABLE_PREVIEWS = YES;
				GENERATE_INFOPLIST_FILE = YES;
				INFOPLIST_FILE = CTVLab/Info.plist;
				INFOPLIST_KEY_CFBundleDisplayName = "CTV Lab";
				INFOPLIST_KEY_UILaunchScreen_Generation = YES;
				INFOPLIST_KEY_UIUserInterfaceStyle = Dark;
				LD_RUNPATH_SEARCH_PATHS = (
					"$(inherited)",
					"@executable_path/Frameworks",
				);
				MARKETING_VERSION = 0.1.0;
				PRODUCT_BUNDLE_IDENTIFIER = com.airship.ctvlab;
				PRODUCT_NAME = "CTV Lab";
				SDKROOT = appletvos;
				SWIFT_VERSION = 6.0;
				TARGETED_DEVICE_FAMILY = 3;
			};
			name = Debug;
		};
		9A7F1816BC27F93381EF9403 /* Release */ = {
			isa = XCBuildConfiguration;
			buildSettings = {
				BUNDLE_LOADER = "$(TEST_HOST)";
				CODE_SIGN_STYLE = Automatic;
				GENERATE_INFOPLIST_FILE = YES;
				LD_RUNPATH_SEARCH_PATHS = (
					"$(inherited)",
					"@executable_path/Frameworks",
					"@loader_path/Frameworks",
				);
				PRODUCT_BUNDLE_IDENTIFIER = com.airship.ctvlab.uitests;
				SDKROOT = appletvos;
				SWIFT_VERSION = 6.0;
				TARGETED_DEVICE_FAMILY = 3;
				TEST_TARGET_NAME = CTVLab;
			};
			name = Release;
		};
		CF857DE18CDCD8F5A7043FB3 /* Release */ = {
			isa = XCBuildConfiguration;
			buildSettings = {
				ASSETCATALOG_COMPILER_APPICON_NAME = "App Icon & Top Shelf Image";
				ASSETCATALOG_COMPILER_LAUNCHIMAGE_NAME = LaunchImage;
				CODE_SIGN_STYLE = Automatic;
				CURRENT_PROJECT_VERSION = 1;
				ENABLE_PREVIEWS = YES;
				GENERATE_INFOPLIST_FILE = YES;
				INFOPLIST_FILE = CTVLab/Info.plist;
				INFOPLIST_KEY_CFBundleDisplayName = "CTV Lab";
				INFOPLIST_KEY_UILaunchScreen_Generation = YES;
				INFOPLIST_KEY_UIUserInterfaceStyle = Dark;
				LD_RUNPATH_SEARCH_PATHS = (
					"$(inherited)",
					"@executable_path/Frameworks",
				);
				MARKETING_VERSION = 0.1.0;
				PRODUCT_BUNDLE_IDENTIFIER = com.airship.ctvlab;
				PRODUCT_NAME = "CTV Lab";
				SDKROOT = appletvos;
				SWIFT_VERSION = 6.0;
				TARGETED_DEVICE_FAMILY = 3;
			};
			name = Release;
		};
/* End XCBuildConfiguration section */

/* Begin XCConfigurationList section */
		5A9B801C2C023BA558DDAB74 /* Build configuration list for PBXNativeTarget "CTVLab" */ = {
			isa = XCConfigurationList;
			buildConfigurations = (
				87CEF63F2F5E747324231195 /* Debug */,
				CF857DE18CDCD8F5A7043FB3 /* Release */,
			);
			defaultConfigurationIsVisible = 0;
			defaultConfigurationName = Debug;
		};
		5C624C8EF0152EE5A1307938 /* Build configuration list for PBXNativeTarget "CTVLabUITests" */ = {
			isa = XCConfigurationList;
			buildConfigurations = (
				26C35E1C8523322ED2CCE828 /* Debug */,
				9A7F1816BC27F93381EF9403 /* Release */,
			);
			defaultConfigurationIsVisible = 0;
			defaultConfigurationName = Debug;
		};
		F77CFFD561EF0A9DA8DD58B5 /* Build configuration list for PBXProject "CTVLab" */ = {
			isa = XCConfigurationList;
			buildConfigurations = (
				2E199CA68651F679F01FCF66 /* Debug */,
				4226E1BE2CDEE4A63B0D1C1C /* Release */,
			);
			defaultConfigurationIsVisible = 0;
			defaultConfigurationName = Debug;
		};
/* End XCConfigurationList section */

/* Begin XCRemoteSwiftPackageReference section */
		9DAE3CCFFFBA7FD5CE606C26 /* XCRemoteSwiftPackageReference "ios-library" */ = {
			isa = XCRemoteSwiftPackageReference;
			repositoryURL = "https://github.com/urbanairship/ios-library";
			requirement = {
				kind = upToNextMajorVersion;
				minimumVersion = 20.0.0;
			};
		};
/* End XCRemoteSwiftPackageReference section */

/* Begin XCSwiftPackageProductDependency section */
		3D6A976CE17C3E8B0DAE7218 /* AirshipFeatureFlags */ = {
			isa = XCSwiftPackageProductDependency;
			package = 9DAE3CCFFFBA7FD5CE606C26 /* XCRemoteSwiftPackageReference "ios-library" */;
			productName = AirshipFeatureFlags;
		};
		78789D60C595848A1564D31A /* AirshipCore */ = {
			isa = XCSwiftPackageProductDependency;
			package = 9DAE3CCFFFBA7FD5CE606C26 /* XCRemoteSwiftPackageReference "ios-library" */;
			productName = AirshipCore;
		};
		A706224C1B69C4C857EB70CD /* AirshipPreferenceCenter */ = {
			isa = XCSwiftPackageProductDependency;
			package = 9DAE3CCFFFBA7FD5CE606C26 /* XCRemoteSwiftPackageReference "ios-library" */;
			productName = AirshipPreferenceCenter;
		};
		C71502F447755FC2207FFF6A /* AirshipMessageCenter */ = {
			isa = XCSwiftPackageProductDependency;
			package = 9DAE3CCFFFBA7FD5CE606C26 /* XCRemoteSwiftPackageReference "ios-library" */;
			productName = AirshipMessageCenter;
		};
		EEF29348576A1F7033218D25 /* AirshipAutomation */ = {
			isa = XCSwiftPackageProductDependency;
			package = 9DAE3CCFFFBA7FD5CE606C26 /* XCRemoteSwiftPackageReference "ios-library" */;
			productName = AirshipAutomation;
		};
/* End XCSwiftPackageProductDependency section */
	};
	rootObject = ECB1D3AEF4A1060B42F67793 /* Project object */;
}
